
Microsoft Visual Studio Solution File, Format Version 12.00
# Visual Studio Version 17
VisualStudioVersion = 17.11.35303.130
MinimumVisualStudioVersion = 10.0.40219.1
Project("{2150E333-8FDC-42A3-9474-1A3956D46DE8}") = "Task0", "Task0", "{A10D8FCE-11CE-40AC-955F-F4F03D7056F4}"
EndProject
Project("{9A19103F-16F7-4668-BE54-9A1E7A4F7556}") = "Tyuiu.TiasinIA.Sprint6.Task0.V3.Lib", "Tyuiu.TiasinIA.Sprint6.Task0.V3.Lib\Tyuiu.TiasinIA.Sprint6.Task0.V3.Lib.csproj", "{BC4C2018-F0CB-4712-A8CA-719A9BC42CB7}"
EndProject
Project("{9A19103F-16F7-4668-BE54-9A1E7A4F7556}") = "Tyuiu.TiasinIA.Sprint6.Task0.V3.Test", "Tyuiu.TiasinIA.Sprint6.Task0.V3.Test\Tyuiu.TiasinIA.Sprint6.Task0.V3.Test.csproj", "{8A2FBAA6-AF8C-4D60-BB6F-B13651EC73A0}"
EndProject
Project("{9A19103F-16F7-4668-BE54-9A1E7A4F7556}") = "Tyuiu.TiasinIA.Sprint6.Task0.V3", "Tyuiu.TiasinIA.Sprint6.Task0.V3\Tyuiu.TiasinIA.Sprint6.Task0.V3.csproj", "{BB749DC8-05A3-4B49-B617-96EB2FE48F62}"
EndProject
Project("{2150E333-8FDC-42A3-9474-1A3956D46DE8}") = "Task1", "Task1", "{4CD19D59-2100-49E9-9787-61AC6E849029}"
EndProject
Project("{9A19103F-16F7-4668-BE54-9A1E7A4F7556}") = "Tyuiu.TiasinIA.Sprint6.Task1.V16", "Tyuiu.TiasinIA.Sprint6.Task1.V16\Tyuiu.TiasinIA.Sprint6.Task1.V16.csproj", "{4F58E3D6-57E8-4165-A1F7-92A04B05F84B}"
EndProject
Project("{9A19103F-16F7-4668-BE54-9A1E7A4F7556}") = "Tyuiu.TiasinIA.Sprint6.Task1.V16.Lib", "Tyuiu.TiasinIA.Sprint6.Task1.V16.Lib\Tyuiu.TiasinIA.Sprint6.Task1.V16.Lib.csproj", "{F9BF3A54-E3FD-4B60-B35D-CB9CAF3458D3}"
EndProject
Project("{9A19103F-16F7-4668-BE54-9A1E7A4F7556}") = "Tyuiu.TiasinIA.Sprint6.Task1.V16.Test", "Tyuiu.TiasinIA.Sprint6.Task1.V16.Test\Tyuiu.TiasinIA.Sprint6.Task1.V16.Test.csproj", "{DEC38DD4-A072-487C-A04C-02140E814F7C}"
EndProject
Project("{2150E333-8FDC-42A3-9474-1A3956D46DE8}") = "Task2", "Task2", "{00000403-526E-4D91-BC52-6064BBA0320F}"
EndProject
Project("{9A19103F-16F7-4668-BE54-9A1E7A4F7556}") = "Tyuiu.TiasinIA.Sprint6.Task2.V7", "Tyuiu.TiasinIA.Sprint6.Task2.V7\Tyuiu.TiasinIA.Sprint6.Task2.V7.csproj", "{73402A43-C49A-4B6E-AE72-26B62326A10E}"
EndProject
Project("{9A19103F-16F7-4668-BE54-9A1E7A4F7556}") = "Tyuiu.TiasinIA.Sprint6.Task2.V7.Lib", "Tyuiu.TiasinIA.Sprint6.Task2.V7.Lib\Tyuiu.TiasinIA.Sprint6.Task2.V7.Lib.csproj", "{9762594B-D362-41BD-9EF0-FF989480A2B0}"
EndProject
Project("{9A19103F-16F7-4668-BE54-9A1E7A4F7556}") = "Tyuiu.TiasinIA.Sprint6.Task2.V7.Test", "Tyuiu.TiasinIA.Sprint6.Task2.V7.Test\Tyuiu.TiasinIA.Sprint6.Task2.V7.Test.csproj", "{2B2925B0-2542-4030-AC86-0A541CDB0FAE}"
EndProject
Project("{2150E333-8FDC-42A3-9474-1A3956D46DE8}") = "Task3", "Task3", "{5F6D2B4E-80A4-4738-9AD0-C9254410F980}"
EndProject
Project("{9A19103F-16F7-4668-BE54-9A1E7A4F7556}") = "Tyuiu.TiasinIA.Sprint6.Task3.V15", "Tyuiu.TiasinIA.Sprint6.Task3.V15\Tyuiu.TiasinIA.Sprint6.Task3.V15.csproj", "{6E757027-918D-466E-8246-6E09540F111E}"
EndProject
Project("{9A19103F-16F7-4668-BE54-9A1E7A4F7556}") = "Tyuiu.TiasinIA.Sprint6.Task3.V15.Test", "Tyuiu.TiasinIA.Sprint6.Task3.V15.Test\Tyuiu.TiasinIA.Sprint6.Task3.V15.Test.csproj", "{116FE9BB-9FDC-4E59-BF02-D67985E49693}"
EndProject
Project("{9A19103F-16F7-4668-BE54-9A1E7A4F7556}") = "Tyuiu.TiasinIA.Sprint6.Task3.V15.Lib", "Tyuiu.TiasinIA.Sprint6.Task3.V15.Lib\Tyuiu.TiasinIA.Sprint6.Task3.V15.Lib.csproj", "{4F044255-6D0D-4548-9254-2473CDAB07EC}"
EndProject
Project("{2150E333-8FDC-42A3-9474-1A3956D46DE8}") = "Task4", "Task4", "{DD24ACC8-0C53-46B8-B7DB-2F8E69EDAB21}"
EndProject
Project("{9A19103F-16F7-4668-BE54-9A1E7A4F7556}") = "Tyuiu.TiasinIA.Sprint6.Task4.V24", "Tyuiu.TiasinIA.Sprint6.Task4.V24\Tyuiu.TiasinIA.Sprint6.Task4.V24.csproj", "{7ECA4B48-340A-4864-82E5-0156EBD5BEDF}"
EndProject
Project("{9A19103F-16F7-4668-BE54-9A1E7A4F7556}") = "Tyuiu.TiasinIA.Sprint6.Task4.V24.Lib", "Tyuiu.TiasinIA.Sprint6.Task4.V24.Lib\Tyuiu.TiasinIA.Sprint6.Task4.V24.Lib.csproj", "{B9BD6201-069E-4FE1-880C-F7941F309ED7}"
EndProject
Project("{9A19103F-16F7-4668-BE54-9A1E7A4F7556}") = "Tyuiu.TiasinIA.Sprint6.Task4.V24.Test", "Tyuiu.TiasinIA.Sprint6.Task4.V24.Test\Tyuiu.TiasinIA.Sprint6.Task4.V24.Test.csproj", "{4E18F779-B28A-44C3-8153-2D00ACC56E3A}"
EndProject
Project("{2150E333-8FDC-42A3-9474-1A3956D46DE8}") = "Task5", "Task5", "{150EB74F-9F86-4B50-9A59-92FDAAD466A4}"
EndProject
Project("{FAE04EC0-301F-11D3-BF4B-00C04F79EFBC}") = "Tyuiu.TiasinIA.Sprint6.Task5.V23", "Tyuiu.TiasinIA.Sprint6.Task5.V23\Tyuiu.TiasinIA.Sprint6.Task5.V23.csproj", "{E485FE75-F0D2-4892-83A8-29087BC0D5B2}"
EndProject
Project("{FAE04EC0-301F-11D3-BF4B-00C04F79EFBC}") = "Tyuiu.TiasinIA.Sprint6.Task5.V23.Lib", "Tyuiu.TiasinIA.Sprint6.Task5.V23.Lib\Tyuiu.TiasinIA.Sprint6.Task5.V23.Lib.csproj", "{26DB4A2C-2DD1-4293-B477-438500DEEB43}"
EndProject
Project("{FAE04EC0-301F-11D3-BF4B-00C04F79EFBC}") = "Tyuiu.TiasinIA.Sprint6.Task5.V23.Test", "Tyuiu.TiasinIA.Sprint6.Task5.V23.Test\Tyuiu.TiasinIA.Sprint6.Task5.V23.Test.csproj", "{3530D10F-4A59-4CEF-9423-A8BDF5CAF66F}"
EndProject
Global
	GlobalSection(SolutionConfigurationPlatforms) = preSolution
		Debug|Any CPU = Debug|Any CPU
		Release|Any CPU = Release|Any CPU
	EndGlobalSection
	GlobalSection(ProjectConfigurationPlatforms) = postSolution
		{BC4C2018-F0CB-4712-A8CA-719A9BC42CB7}.Debug|Any CPU.ActiveCfg = Debug|Any CPU
		{BC4C2018-F0CB-4712-A8CA-719A9BC42CB7}.Debug|Any CPU.Build.0 = Debug|Any CPU
		{BC4C2018-F0CB-4712-A8CA-719A9BC42CB7}.Release|Any CPU.ActiveCfg = Release|Any CPU
		{BC4C2018-F0CB-4712-A8CA-719A9BC42CB7}.Release|Any CPU.Build.0 = Release|Any CPU
		{8A2FBAA6-AF8C-4D60-BB6F-B13651EC73A0}.Debug|Any CPU.ActiveCfg = Debug|Any CPU
		{8A2FBAA6-AF8C-4D60-BB6F-B13651EC73A0}.Debug|Any CPU.Build.0 = Debug|Any CPU
		{8A2FBAA6-AF8C-4D60-BB6F-B13651EC73A0}.Release|Any CPU.ActiveCfg = Release|Any CPU
		{8A2FBAA6-AF8C-4D60-BB6F-B13651EC73A0}.Release|Any CPU.Build.0 = Release|Any CPU
		{BB749DC8-05A3-4B49-B617-96EB2FE48F62}.Debug|Any CPU.ActiveCfg = Debug|Any CPU
		{BB749DC8-05A3-4B49-B617-96EB2FE48F62}.Debug|Any CPU.Build.0 = Debug|Any CPU
		{BB749DC8-05A3-4B49-B617-96EB2FE48F62}.Release|Any CPU.ActiveCfg = Release|Any CPU
		{BB749DC8-05A3-4B49-B617-96EB2FE48F62}.Release|Any CPU.Build.0 = Release|Any CPU
		{4F58E3D6-57E8-4165-A1F7-92A04B05F84B}.Debug|Any CPU.ActiveCfg = Debug|Any CPU
		{4F58E3D6-57E8-4165-A1F7-92A04B05F84B}.Debug|Any CPU.Build.0 = Debug|Any CPU
		{4F58E3D6-57E8-4165-A1F7-92A04B05F84B}.Release|Any CPU.ActiveCfg = Release|Any CPU
		{4F58E3D6-57E8-4165-A1F7-92A04B05F84B}.Release|Any CPU.Build.0 = Release|Any CPU
		{F9BF3A54-E3FD-4B60-B35D-CB9CAF3458D3}.Debug|Any CPU.ActiveCfg = Debug|Any CPU
		{F9BF3A54-E3FD-4B60-B35D-CB9CAF3458D3}.Debug|Any CPU.Build.0 = Debug|Any CPU
		{F9BF3A54-E3FD-4B60-B35D-CB9CAF3458D3}.Release|Any CPU.ActiveCfg = Release|Any CPU
		{F9BF3A54-E3FD-4B60-B35D-CB9CAF3458D3}.Release|Any CPU.Build.0 = Release|Any CPU
		{DEC38DD4-A072-487C-A04C-02140E814F7C}.Debug|Any CPU.ActiveCfg = Debug|Any CPU
		{DEC38DD4-A072-487C-A04C-02140E814F7C}.Debug|Any CPU.Build.0 = Debug|Any CPU
		{DEC38DD4-A072-487C-A04C-02140E814F7C}.Release|Any CPU.ActiveCfg = Release|Any CPU
		{DEC38DD4-A072-487C-A04C-02140E814F7C}.Release|Any CPU.Build.0 = Release|Any CPU
		{73402A43-C49A-4B6E-AE72-26B62326A10E}.Debug|Any CPU.ActiveCfg = Debug|Any CPU
		{73402A43-C49A-4B6E-AE72-26B62326A10E}.Debug|Any CPU.Build.0 = Debug|Any CPU
		{73402A43-C49A-4B6E-AE72-26B62326A10E}.Release|Any CPU.ActiveCfg = Release|Any CPU
		{73402A43-C49A-4B6E-AE72-26B62326A10E}.Release|Any CPU.Build.0 = Release|Any CPU
		{9762594B-D362-41BD-9EF0-FF989480A2B0}.Debug|Any CPU.ActiveCfg = Debug|Any CPU
		{9762594B-D362-41BD-9EF0-FF989480A2B0}.Debug|Any CPU.Build.0 = Debug|Any CPU
		{9762594B-D362-41BD-9EF0-FF989480A2B0}.Release|Any CPU.ActiveCfg = Release|Any CPU
		{9762594B-D362-41BD-9EF0-FF989480A2B0}.Release|Any CPU.Build.0 = Release|Any CPU
		{2B2925B0-2542-4030-AC86-0A541CDB0FAE}.Debug|Any CPU.ActiveCfg = Debug|Any CPU
		{2B2925B0-2542-4030-AC86-0A541CDB0FAE}.Debug|Any CPU.Build.0 = Debug|Any CPU
		{2B2925B0-2542-4030-AC86-0A541CDB0FAE}.Release|Any CPU.ActiveCfg = Release|Any CPU
		{2B2925B0-2542-4030-AC86-0A541CDB0FAE}.Release|Any CPU.Build.0 = Release|Any CPU
		{6E757027-918D-466E-8246-6E09540F111E}.Debug|Any CPU.ActiveCfg = Debug|Any CPU
		{6E757027-918D-466E-8246-6E09540F111E}.Debug|Any CPU.Build.0 = Debug|Any CPU
		{6E757027-918D-466E-8246-6E09540F111E}.Release|Any CPU.ActiveCfg = Release|Any CPU
		{6E757027-918D-466E-8246-6E09540F111E}.Release|Any CPU.Build.0 = Release|Any CPU
		{116FE9BB-9FDC-4E59-BF02-D67985E49693}.Debug|Any CPU.ActiveCfg = Debug|Any CPU
		{116FE9BB-9FDC-4E59-BF02-D67985E49693}.Debug|Any CPU.Build.0 = Debug|Any CPU
		{116FE9BB-9FDC-4E59-BF02-D67985E49693}.Release|Any CPU.ActiveCfg = Release|Any CPU
		{116FE9BB-9FDC-4E59-BF02-D67985E49693}.Release|Any CPU.Build.0 = Release|Any CPU
		{4F044255-6D0D-4548-9254-2473CDAB07EC}.Debug|Any CPU.ActiveCfg = Debug|Any CPU
		{4F044255-6D0D-4548-9254-2473CDAB07EC}.Debug|Any CPU.Build.0 = Debug|Any CPU
		{4F044255-6D0D-4548-9254-2473CDAB07EC}.Release|Any CPU.ActiveCfg = Release|Any CPU
		{4F044255-6D0D-4548-9254-2473CDAB07EC}.Release|Any CPU.Build.0 = Release|Any CPU
		{7ECA4B48-340A-4864-82E5-0156EBD5BEDF}.Debug|Any CPU.ActiveCfg = Debug|Any CPU
		{7ECA4B48-340A-4864-82E5-0156EBD5BEDF}.Debug|Any CPU.Build.0 = Debug|Any CPU
		{7ECA4B48-340A-4864-82E5-0156EBD5BEDF}.Release|Any CPU.ActiveCfg = Release|Any CPU
		{7ECA4B48-340A-4864-82E5-0156EBD5BEDF}.Release|Any CPU.Build.0 = Release|Any CPU
		{B9BD6201-069E-4FE1-880C-F7941F309ED7}.Debug|Any CPU.ActiveCfg = Debug|Any CPU
		{B9BD6201-069E-4FE1-880C-F7941F309ED7}.Debug|Any CPU.Build.0 = Debug|Any CPU
		{B9BD6201-069E-4FE1-880C-F7941F309ED7}.Release|Any CPU.ActiveCfg = Release|Any CPU
		{B9BD6201-069E-4FE1-880C-F7941F309ED7}.Release|Any CPU.Build.0 = Release|Any CPU
		{4E18F779-B28A-44C3-8153-2D00ACC56E3A}.Debug|Any CPU.ActiveCfg = Debug|Any CPU
		{4E18F779-B28A-44C3-8153-2D00ACC56E3A}.Debug|Any CPU.Build.0 = Debug|Any CPU
		{4E18F779-B28A-44C3-8153-2D00ACC56E3A}.Release|Any CPU.ActiveCfg = Release|Any CPU
		{4E18F779-B28A-44C3-8153-2D00ACC56E3A}.Release|Any CPU.Build.0 = Release|Any CPU
		{E485FE75-F0D2-4892-83A8-29087BC0D5B2}.Debug|Any CPU.ActiveCfg = Debug|Any CPU
		{E485FE75-F0D2-4892-83A8-29087BC0D5B2}.Debug|Any CPU.Build.0 = Debug|Any CPU
		{E485FE75-F0D2-4892-83A8-29087BC0D5B2}.Release|Any CPU.ActiveCfg = Release|Any CPU
		{E485FE75-F0D2-4892-83A8-29087BC0D5B2}.Release|Any CPU.Build.0 = Release|Any CPU
		{26DB4A2C-2DD1-4293-B477-438500DEEB43}.Debug|Any CPU.ActiveCfg = Debug|Any CPU
		{26DB4A2C-2DD1-4293-B477-438500DEEB43}.Debug|Any CPU.Build.0 = Debug|Any CPU
		{26DB4A2C-2DD1-4293-B477-438500DEEB43}.Release|Any CPU.ActiveCfg = Release|Any CPU
		{26DB4A2C-2DD1-4293-B477-438500DEEB43}.Release|Any CPU.Build.0 = Release|Any CPU
		{3530D10F-4A59-4CEF-9423-A8BDF5CAF66F}.Debug|Any CPU.ActiveCfg = Debug|Any CPU
		{3530D10F-4A59-4CEF-9423-A8BDF5CAF66F}.Debug|Any CPU.Build.0 = Debug|Any CPU
		{3530D10F-4A59-4CEF-9423-A8BDF5CAF66F}.Release|Any CPU.ActiveCfg = Release|Any CPU
		{3530D10F-4A59-4CEF-9423-A8BDF5CAF66F}.Release|Any CPU.Build.0 = Release|Any CPU
	EndGlobalSection
	GlobalSection(SolutionProperties) = preSolution
		HideSolutionNode = FALSE
	EndGlobalSection
	GlobalSection(NestedProjects) = preSolution
		{BC4C2018-F0CB-4712-A8CA-719A9BC42CB7} = {A10D8FCE-11CE-40AC-955F-F4F03D7056F4}
		{8A2FBAA6-AF8C-4D60-BB6F-B13651EC73A0} = {A10D8FCE-11CE-40AC-955F-F4F03D7056F4}
		{BB749DC8-05A3-4B49-B617-96EB2FE48F62} = {A10D8FCE-11CE-40AC-955F-F4F03D7056F4}
		{4F58E3D6-57E8-4165-A1F7-92A04B05F84B} = {4CD19D59-2100-49E9-9787-61AC6E849029}
		{F9BF3A54-E3FD-4B60-B35D-CB9CAF3458D3} = {4CD19D59-2100-49E9-9787-61AC6E849029}
		{DEC38DD4-A072-487C-A04C-02140E814F7C} = {4CD19D59-2100-49E9-9787-61AC6E849029}
		{73402A43-C49A-4B6E-AE72-26B62326A10E} = {00000403-526E-4D91-BC52-6064BBA0320F}
		{9762594B-D362-41BD-9EF0-FF989480A2B0} = {00000403-526E-4D91-BC52-6064BBA0320F}
		{2B2925B0-2542-4030-AC86-0A541CDB0FAE} = {00000403-526E-4D91-BC52-6064BBA0320F}
		{6E757027-918D-466E-8246-6E09540F111E} = {5F6D2B4E-80A4-4738-9AD0-C9254410F980}
		{116FE9BB-9FDC-4E59-BF02-D67985E49693} = {5F6D2B4E-80A4-4738-9AD0-C9254410F980}
		{4F044255-6D0D-4548-9254-2473CDAB07EC} = {5F6D2B4E-80A4-4738-9AD0-C9254410F980}
		{7ECA4B48-340A-4864-82E5-0156EBD5BEDF} = {DD24ACC8-0C53-46B8-B7DB-2F8E69EDAB21}
		{B9BD6201-069E-4FE1-880C-F7941F309ED7} = {DD24ACC8-0C53-46B8-B7DB-2F8E69EDAB21}
		{4E18F779-B28A-44C3-8153-2D00ACC56E3A} = {DD24ACC8-0C53-46B8-B7DB-2F8E69EDAB21}
		{E485FE75-F0D2-4892-83A8-29087BC0D5B2} = {150EB74F-9F86-4B50-9A59-92FDAAD466A4}
		{26DB4A2C-2DD1-4293-B477-438500DEEB43} = {150EB74F-9F86-4B50-9A59-92FDAAD466A4}
		{3530D10F-4A59-4CEF-9423-A8BDF5CAF66F} = {150EB74F-9F86-4B50-9A59-92FDAAD466A4}
	EndGlobalSection
	GlobalSection(ExtensibilityGlobals) = postSolution
		SolutionGuid = {2CC62D80-5613-4E5D-8364-B0DD6C8EDD1C}
	EndGlobalSection
EndGlobal
